// !$*UTF8*$!
{
	archiveVersion = 1;
	classes = {
	};
	objectVersion = 56;
	objects = {

/* Begin PBXBuildFile section */
		0017E14C291F250B00C470D4 /* MusicPlayerViewController.swift in Sources */ = {isa = PBXBuildFile; fileRef = 0017E14B291F250B00C470D4 /* MusicPlayerViewController.swift */; };
		0017E14E291F37F000C470D4 /* MusicCellStructure.swift in Sources */ = {isa = PBXBuildFile; fileRef = 0017E14D291F37F000C470D4 /* MusicCellStructure.swift */; };
		003A652E291D3BFF00E6F55F /* MusicLibraryViewController.swift in Sources */ = {isa = PBXBuildFile; fileRef = 003A652D291D3BFF00E6F55F /* MusicLibraryViewController.swift */; };
		0080D852291ABC1E00D4561D /* AppDelegate.swift in Sources */ = {isa = PBXBuildFile; fileRef = 0080D851291ABC1E00D4561D /* AppDelegate.swift */; };
		0080D854291ABC1E00D4561D /* SceneDelegate.swift in Sources */ = {isa = PBXBuildFile; fileRef = 0080D853291ABC1E00D4561D /* SceneDelegate.swift */; };
		0080D859291ABC1E00D4561D /* Main.storyboard in Resources */ = {isa = PBXBuildFile; fileRef = 0080D857291ABC1E00D4561D /* Main.storyboard */; };
		0080D85B291ABC1F00D4561D /* Assets.xcassets in Resources */ = {isa = PBXBuildFile; fileRef = 0080D85A291ABC1F00D4561D /* Assets.xcassets */; };
		0080D85E291ABC1F00D4561D /* LaunchScreen.storyboard in Resources */ = {isa = PBXBuildFile; fileRef = 0080D85C291ABC1F00D4561D /* LaunchScreen.storyboard */; };
		0080D868291AC83700D4561D /* Music.swift in Sources */ = {isa = PBXBuildFile; fileRef = 0080D867291AC83700D4561D /* Music.swift */; };
/* End PBXBuildFile section */

/* Begin PBXFileReference section */
		0017E14B291F250B00C470D4 /* MusicPlayerViewController.swift */ = {isa = PBXFileReference; lastKnownFileType = sourcecode.swift; path = MusicPlayerViewController.swift; sourceTree = "<group>"; };
		0017E14D291F37F000C470D4 /* MusicCellStructure.swift */ = {isa = PBXFileReference; lastKnownFileType = sourcecode.swift; path = MusicCellStructure.swift; sourceTree = "<group>"; };
		003A652D291D3BFF00E6F55F /* MusicLibraryViewController.swift */ = {isa = PBXFileReference; lastKnownFileType = sourcecode.swift; path = MusicLibraryViewController.swift; sourceTree = "<group>"; };
		0080D84E291ABC1E00D4561D /* MusicBeat.app */ = {isa = PBXFileReference; explicitFileType = wrapper.application; includeInIndex = 0; path = MusicBeat.app; sourceTree = BUILT_PRODUCTS_DIR; };
		0080D851291ABC1E00D4561D /* AppDelegate.swift */ = {isa = PBXFileReference; lastKnownFileType = sourcecode.swift; path = AppDelegate.swift; sourceTree = "<group>"; };
		0080D853291ABC1E00D4561D /* SceneDelegate.swift */ = {isa = PBXFileReference; lastKnownFileType = sourcecode.swift; path = SceneDelegate.swift; sourceTree = "<group>"; };
		0080D858291ABC1E00D4561D /* Base */ = {isa = PBXFileReference; lastKnownFileType = file.storyboard; name = Base; path = Base.lproj/Main.storyboard; sourceTree = "<group>"; };
		0080D85A291ABC1F00D4561D /* Assets.xcassets */ = {isa = PBXFileReference; lastKnownFileType = folder.assetcatalog; path = Assets.xcassets; sourceTree = "<group>"; };
		0080D85D291ABC1F00D4561D /* Base */ = {isa = PBXFileReference; lastKnownFileType = file.storyboard; name = Base; path = Base.lproj/LaunchScreen.storyboard; sourceTree = "<group>"; };
		0080D85F291ABC1F00D4561D /* Info.plist */ = {isa = PBXFileReference; lastKnownFileType = text.plist.xml; path = Info.plist; sourceTree = "<group>"; };
		0080D867291AC83700D4561D /* Music.swift */ = {isa = PBXFileReference; lastKnownFileType = sourcecode.swift; path = Music.swift; sourceTree = "<group>"; };
/* End PBXFileReference section */

/* Begin PBXFrameworksBuildPhase section */
		0080D84B291ABC1E00D4561D /* Frameworks */ = {
			isa = PBXFrameworksBuildPhase;
			buildActionMask = 2147483647;
			files = (
			);
			runOnlyForDeploymentPostprocessing = 0;
		};
/* End PBXFrameworksBuildPhase section */

/* Begin PBXGroup section */
		0080D845291ABC1E00D4561D = {
			isa = PBXGroup;
			children = (
				0080D850291ABC1E00D4561D /* MusicBeat */,
				0080D84F291ABC1E00D4561D /* Products */,
			);
			sourceTree = "<group>";
		};
		0080D84F291ABC1E00D4561D /* Products */ = {
			isa = PBXGroup;
			children = (
				0080D84E291ABC1E00D4561D /* MusicBeat.app */,
			);
			name = Products;
			sourceTree = "<group>";
		};
		0080D850291ABC1E00D4561D /* MusicBeat */ = {
			isa = PBXGroup;
			children = (
				0080D851291ABC1E00D4561D /* AppDelegate.swift */,
				0080D853291ABC1E00D4561D /* SceneDelegate.swift */,
				0080D867291AC83700D4561D /* Music.swift */,
				003A652D291D3BFF00E6F55F /* MusicLibraryViewController.swift */,
				0017E14B291F250B00C470D4 /* MusicPlayerViewController.swift */,
				0017E14D291F37F000C470D4 /* MusicCellStructure.swift */,
				0080D857291ABC1E00D4561D /* Main.storyboard */,
				0080D85C291ABC1F00D4561D /* LaunchScreen.storyboard */,
				0080D85A291ABC1F00D4561D /* Assets.xcassets */,
				0080D85F291ABC1F00D4561D /* Info.plist */,
			);
			path = MusicBeat;
			sourceTree = "<group>";
		};
/* End PBXGroup section */

/* Begin PBXNativeTarget section */
		0080D84D291ABC1E00D4561D /* MusicBeat */ = {
			isa = PBXNativeTarget;
			buildConfigurationList = 0080D862291ABC1F00D4561D /* Build configuration list for PBXNativeTarget "MusicBeat" */;
			buildPhases = (
				0080D84A291ABC1E00D4561D /* Sources */,
				0080D84B291ABC1E00D4561D /* Frameworks */,
				0080D84C291ABC1E00D4561D /* Resources */,
			);
			buildRules = (
			);
			dependencies = (
			);
			name = MusicBeat;
			productName = MusicBeat;
			productReference = 0080D84E291ABC1E00D4561D /* MusicBeat.app */;
			productType = "com.apple.product-type.application";
		};
/* End PBXNativeTarget section */

/* Begin PBXProject section */
		0080D846291ABC1E00D4561D /* Project object */ = {
			isa = PBXProject;
			attributes = {
				BuildIndependentTargetsInParallel = 1;
				LastSwiftUpdateCheck = 1410;
				LastUpgradeCheck = 1410;
				TargetAttributes = {
					0080D84D291ABC1E00D4561D = {
						CreatedOnToolsVersion = 14.1;
					};
				};
			};
			buildConfigurationList = 0080D849291ABC1E00D4561D /* Build configuration list for PBXProject "MusicBeat" */;
			compatibilityVersion = "Xcode 14.0";
			developmentRegion = en;
			hasScannedForEncodings = 0;
			knownRegions = (
				en,
				Base,
			);
			mainGroup = 0080D845291ABC1E00D4561D;
			productRefGroup = 0080D84F291ABC1E00D4561D /* Products */;
			projectDirPath = "";
			projectRoot = "";
			targets = (
				0080D84D291ABC1E00D4561D /* MusicBeat */,
			);
		};
/* End PBXProject section */

/* Begin PBXResourcesBuildPhase section */
		0080D84C291ABC1E00D4561D /* Resources */ = {
			isa = PBXResourcesBuildPhase;
			buildActionMask = 2147483647;
			files = (
				0080D85E291ABC1F00D4561D /* LaunchScreen.storyboard in Resources */,
				0080D85B291ABC1F00D4561D /* Assets.xcassets in Resources */,
				0080D859291ABC1E00D4561D /* Main.storyboard in Resources */,
			);
			runOnlyForDeploymentPostprocessing = 0;
		};
/* End PBXResourcesBuildPhase section */

/* Begin PBXSourcesBuildPhase section */
		0080D84A291ABC1E00D4561D /* Sources */ = {
			isa = PBXSourcesBuildPhase;
			buildActionMask = 2147483647;
			files = (
				003A652E291D3BFF00E6F55F /* MusicLibraryViewController.swift in Sources */,
				0080D868291AC83700D4561D /* Music.swift in Sources */,
				0017E14C291F250B00C470D4 /* MusicPlayerViewController.swift in Sources */,
				0080D852291ABC1E00D4561D /* AppDelegate.swift in Sources */,
				0080D854291ABC1E00D4561D /* SceneDelegate.swift in Sources */,
				0017E14E291F37F000C470D4 /* MusicCellStructure.swift in Sources */,
			);
			runOnlyForDeploymentPostprocessing = 0;
		};
/* End PBXSourcesBuildPhase section */

/* Begin PBXVariantGroup section */
		0080D857291ABC1E00D4561D /* Main.storyboard */ = {
			isa = PBXVariantGroup;
			children = (
				0080D858291ABC1E00D4561D /* Base */,
			);
			name = Main.storyboard;
			sourceTree = "<group>";
		};
		0080D85C291ABC1F00D4561D /* LaunchScreen.storyboard */ = {
			isa = PBXVariantGroup;
			children = (
				0080D85D291ABC1F00D4561D /* Base */,
			);
			name = LaunchScreen.storyboard;
			sourceTree = "<group>";
		};
/* End PBXVariantGroup section */

/* Begin XCBuildConfiguration section */
		0080D860291ABC1F00D4561D /* Debug */ = {
			isa = XCBuildConfiguration;
			buildSettings = {
				ALWAYS_SEARCH_USER_PATHS = NO;
				CLANG_ANALYZER_NONNULL = YES;
				CLANG_ANALYZER_NUMBER_OBJECT_CONVERSION = YES_AGGRESSIVE;
				CLANG_CXX_LANGUAGE_STANDARD = "gnu++20";
				CLANG_ENABLE_MODULES = YES;
				CLANG_ENABLE_OBJC_ARC = YES;
				CLANG_ENABLE_OBJC_WEAK = YES;
				CLANG_WARN_BLOCK_CAPTURE_AUTORELEASING = YES;
				CLANG_WARN_BOOL_CONVERSION = YES;
				CLANG_WARN_COMMA = YES;
				CLANG_WARN_CONSTANT_CONVERSION = YES;
				CLANG_WARN_DEPRECATED_OBJC_IMPLEMENTATIONS = YES;
				CLANG_WARN_DIRECT_OBJC_ISA_USAGE = YES_ERROR;
				CLANG_WARN_DOCUMENTATION_COMMENTS = YES;
				CLANG_WARN_EMPTY_BODY = YES;
				CLANG_WARN_ENUM_CONVERSION = YES;
				CLANG_WARN_INFINITE_RECURSION = YES;
				CLANG_WARN_INT_CONVERSION = YES;
				CLANG_WARN_NON_LITERAL_NULL_CONVERSION = YES;
				CLANG_WARN_OBJC_IMPLICIT_RETAIN_SELF = YES;
				CLANG_WARN_OBJC_LITERAL_CONVERSION = YES;
				CLANG_WARN_OBJC_ROOT_CLASS = YES_ERROR;
				CLANG_WARN_QUOTED_INCLUDE_IN_FRAMEWORK_HEADER = YES;
				CLANG_WARN_RANGE_LOOP_ANALYSIS = YES;
				CLANG_WARN_STRICT_PROTOTYPES = YES;
				CLANG_WARN_SUSPICIOUS_MOVE = YES;
				CLANG_WARN_UNGUARDED_AVAILABILITY = YES_AGGRESSIVE;
				CLANG_WARN_UNREACHABLE_CODE = YES;
				CLANG_WARN__DUPLICATE_METHOD_MATCH = YES;
				COPY_PHASE_STRIP = NO;
				DEBUG_INFORMATION_FORMAT = dwarf;
				ENABLE_STRICT_OBJC_MSGSEND = YES;
				ENABLE_TESTABILITY = YES;
				GCC_C_LANGUAGE_STANDARD = gnu11;
				GCC_DYNAMIC_NO_PIC = NO;
				GCC_NO_COMMON_BLOCKS = YES;
				GCC_OPTIMIZATION_LEVEL = 0;
				GCC_PREPROCESSOR_DEFINITIONS = (
					"DEBUG=1",
					"$(inherited)",
				);
				GCC_WARN_64_TO_32_BIT_CONVERSION = YES;
				GCC_WARN_ABOUT_RETURN_TYPE = YES_ERROR;
				GCC_WARN_UNDECLARED_SELECTOR = YES;
				GCC_WARN_UNINITIALIZED_AUTOS = YES_AGGRESSIVE;
				GCC_WARN_UNUSED_FUNCTION = YES;
				GCC_WARN_UNUSED_VARIABLE = YES;
				IPHONEOS_DEPLOYMENT_TARGET = 16.1;
				MTL_ENABLE_DEBUG_INFO = INCLUDE_SOURCE;
				MTL_FAST_MATH = YES;
				ONLY_ACTIVE_ARCH = YES;
				SDKROOT = iphoneos;
				SWIFT_ACTIVE_COMPILATION_CONDITIONS = DEBUG;
				SWIFT_OPTIMIZATION_LEVEL = "-Onone";
			};
			name = Debug;
		};
		0080D861291ABC1F00D4561D /* Release */ = {
			isa = XCBuildConfiguration;
			buildSettings = {
				ALWAYS_SEARCH_USER_PATHS = NO;
				CLANG_ANALYZER_NONNULL = YES;
				CLANG_ANALYZER_NUMBER_OBJECT_CONVERSION = YES_AGGRESSIVE;
				CLANG_CXX_LANGUAGE_STANDARD = "gnu++20";
				CLANG_ENABLE_MODULES = YES;
				CLANG_ENABLE_OBJC_ARC = YES;
				CLANG_ENABLE_OBJC_WEAK = YES;
				CLANG_WARN_BLOCK_CAPTURE_AUTORELEASING = YES;
				CLANG_WARN_BOOL_CONVERSION = YES;
				CLANG_WARN_COMMA = YES;
				CLANG_WARN_CONSTANT_CONVERSION = YES;
				CLANG_WARN_DEPRECATED_OBJC_IMPLEMENTATIONS = YES;
				CLANG_WARN_DIRECT_OBJC_ISA_USAGE = YES_ERROR;
				CLANG_WARN_DOCUMENTATION_COMMENTS = YES;
				CLANG_WARN_EMPTY_BODY = YES;
				CLANG_WARN_ENUM_CONVERSION = YES;
				CLANG_WARN_INFINITE_RECURSION = YES;
				CLANG_WARN_INT_CONVERSION = YES;
				CLANG_WARN_NON_LITERAL_NULL_CONVERSION = YES;
				CLANG_WARN_OBJC_IMPLICIT_RETAIN_SELF = YES;
				CLANG_WARN_OBJC_LITERAL_CONVERSION = YES;
				CLANG_WARN_OBJC_ROOT_CLASS = YES_ERROR;
				CLANG_WARN_QUOTED_INCLUDE_IN_FRAMEWORK_HEADER = YES;
				CLANG_WARN_RANGE_LOOP_ANALYSIS = YES;
				CLANG_WARN_STRICT_PROTOTYPES = YES;
				CLANG_WARN_SUSPICIOUS_MOVE = YES;
				CLANG_WARN_UNGUARDED_AVAILABILITY = YES_AGGRESSIVE;
				CLANG_WARN_UNREACHABLE_CODE = YES;
				CLANG_WARN__DUPLICATE_METHOD_MATCH = YES;
				COPY_PHASE_STRIP = NO;
				DEBUG_INFORMATION_FORMAT = "dwarf-with-dsym";
				ENABLE_NS_ASSERTIONS = NO;
				ENABLE_STRICT_OBJC_MSGSEND = YES;
				GCC_C_LANGUAGE_STANDARD = gnu11;
				GCC_NO_COMMON_BLOCKS = YES;
				GCC_WARN_64_TO_32_BIT_CONVERSION = YES;
				GCC_WARN_ABOUT_RETURN_TYPE = YES_ERROR;
				GCC_WARN_UNDECLARED_SELECTOR = YES;
				GCC_WARN_UNINITIALIZED_AUTOS = YES_AGGRESSIVE;
				GCC_WARN_UNUSED_FUNCTION = YES;
				GCC_WARN_UNUSED_VARIABLE = YES;
				IPHONEOS_DEPLOYMENT_TARGET = 16.1;
				MTL_ENABLE_DEBUG_INFO = NO;
				MTL_FAST_MATH = YES;
				SDKROOT = iphoneos;
				SWIFT_COMPILATION_MODE = wholemodule;
				SWIFT_OPTIMIZATION_LEVEL = "-O";
				VALIDATE_PRODUCT = YES;
			};
			name = Release;
		};
		0080D863291ABC1F00D4561D /* Debug */ = {
			isa = XCBuildConfiguration;
			buildSettings = {
				ASSETCATALOG_COMPILER_APPICON_NAME = AppIcon;
				ASSETCATALOG_COMPILER_GLOBAL_ACCENT_COLOR_NAME = AccentColor;
				CODE_SIGN_STYLE = Automatic;
				CURRENT_PROJECT_VERSION = 1;
				DEVELOPMENT_TEAM = 73KV4C476F;
				GENERATE_INFOPLIST_FILE = YES;
				INFOPLIST_FILE = MusicBeat/Info.plist;
				INFOPLIST_KEY_UIApplicationSupportsIndirectInputEvents = YES;
				INFOPLIST_KEY_UILaunchStoryboardName = LaunchScreen;
				INFOPLIST_KEY_UIMainStoryboardFile = Main;
				INFOPLIST_KEY_UISupportedInterfaceOrientations = UIInterfaceOrientationPortrait;
				INFOPLIST_KEY_UISupportedInterfaceOrientations_iPad = "UIInterfaceOrientationLandscapeLeft UIInterfaceOrientationLandscapeRight UIInterfaceOrientationPortrait UIInterfaceOrientationPortraitUpsideDown";
				IPHONEOS_DEPLOYMENT_TARGET = 15.0;
				LD_RUNPATH_SEARCH_PATHS = (
					"$(inherited)",
					"@executable_path/Frameworks",
				);
				MARKETING_VERSION = 1.0;
				PRODUCT_BUNDLE_IDENTIFIER = com.matheusmatias.MusicBeat;
				PRODUCT_NAME = "$(TARGET_NAME)";
				SUPPORTED_PLATFORMS = "iphoneos iphonesimulator";
				SUPPORTS_MACCATALYST = NO;
				SUPPORTS_MAC_DESIGNED_FOR_IPHONE_IPAD = YES;
				SWIFT_EMIT_LOC_STRINGS = YES;
				SWIFT_VERSION = 5.0;
				TARGETED_DEVICE_FAMILY = 1;
			};
			name = Debug;
		};
		0080D864291ABC1F00D4561D /* Release */ = {
			isa = XCBuildConfiguration;
			buildSettings = {
				ASSETCATALOG_COMPILER_APPICON_NAME = AppIcon;
				ASSETCATALOG_COMPILER_GLOBAL_ACCENT_COLOR_NAME = AccentColor;
				CODE_SIGN_STYLE = Automatic;
				CURRENT_PROJECT_VERSION = 1;
				DEVELOPMENT_TEAM = 73KV4C476F;
				GENERATE_INFOPLIST_FILE = YES;
				INFOPLIST_FILE = MusicBeat/Info.plist;
				INFOPLIST_KEY_UIApplicationSupportsIndirectInputEvents = YES;
				INFOPLIST_KEY_UILaunchStoryboardName = LaunchScreen;
				INFOPLIST_KEY_UIMainStoryboardFile = Main;
				INFOPLIST_KEY_UISupportedInterfaceOrientations = UIInterfaceOrientationPortrait;
				INFOPLIST_KEY_UISupportedInterfaceOrientations_iPad = "UIInterfaceOrientationLandscapeLeft UIInterfaceOrientationLandscapeRight UIInterfaceOrientationPortrait UIInterfaceOrientationPortraitUpsideDown";
				IPHONEOS_DEPLOYMENT_TARGET = 15.0;
				LD_RUNPATH_SEARCH_PATHS = (
					"$(inherited)",
					"@executable_path/Frameworks",
				);
				MARKETING_VERSION = 1.0;
				PRODUCT_BUNDLE_IDENTIFIER = com.matheusmatias.MusicBeat;
				PRODUCT_NAME = "$(TARGET_NAME)";
				SUPPORTED_PLATFORMS = "iphoneos iphonesimulator";
				SUPPORTS_MACCATALYST = NO;
				SUPPORTS_MAC_DESIGNED_FOR_IPHONE_IPAD = YES;
				SWIFT_EMIT_LOC_STRINGS = YES;
				SWIFT_VERSION = 5.0;
				TARGETED_DEVICE_FAMILY = 1;
			};
			name = Release;
		};
/* End XCBuildConfiguration section */

/* Begin XCConfigurationList section */
		0080D849291ABC1E00D4561D /* Build configuration list for PBXProject "MusicBeat" */ = {
			isa = XCConfigurationList;
			buildConfigurations = (
				0080D860291ABC1F00D4561D /* Debug */,
				0080D861291ABC1F00D4561D /* Release */,
			);
			defaultConfigurationIsVisible = 0;
			defaultConfigurationName = Release;
		};
		0080D862291ABC1F00D4561D /* Build configuration list for PBXNativeTarget "MusicBeat" */ = {
			isa = XCConfigurationList;
			buildConfigurations = (
				0080D863291ABC1F00D4561D /* Debug */,
				0080D864291ABC1F00D4561D /* Release */,
			);
			defaultConfigurationIsVisible = 0;
			defaultConfigurationName = Release;
		};
/* End XCConfigurationList section */
	};
	rootObject = 0080D846291ABC1E00D4561D /* Project object */;
}
